
Microsoft Visual Studio Solution File, Format Version 12.00
# Visual Studio Version 17
VisualStudioVersion = 17.0.32002.185
MinimumVisualStudioVersion = 10.0.40219.1
Project("{FAE04EC0-301F-11D3-BF4B-00C04F79EFBC}") = "BookApi", "BookApi\BookApi.csproj", "{67EEF42F-3D17-4C48-8EE4-B345C5653F72}"
EndProject
Global
	GlobalSection(SolutionConfigurationPlatforms) = preSolution
		Debug|Any CPU = Debug|Any CPU
		Release|Any CPU = Release|Any CPU
	EndGlobalSection
	GlobalSection(ProjectConfigurationPlatforms) = postSolution
		{67EEF42F-3D17-4C48-8EE4-B345C5653F72}.Debug|Any CPU.ActiveCfg = Debug|Any CPU
		{67EEF42F-3D17-4C48-8EE4-B345C5653F72}.Debug|Any CPU.Build.0 = Debug|Any CPU
		{67EEF42F-3D17-4C48-8EE4-B345C5653F72}.Release|Any CPU.ActiveCfg = Release|Any CPU
		{67EEF42F-3D17-4C48-8EE4-B345C5653F72}.Release|Any CPU.Build.0 = Release|Any CPU
	EndGlobalSection
	GlobalSection(SolutionProperties) = preSolution
		HideSolutionNode = FALSE
	EndGlobalSection
	GlobalSection(ExtensibilityGlobals) = postSolution
		SolutionGuid = {59A82F7A-CC29-433A-B577-2B6937ED02BA}
	EndGlobalSection
EndGlobal
